
Microsoft Visual Studio Solution File, Format Version 12.00
# Visual Studio Version 17
VisualStudioVersion = 17.8.34330.188
MinimumVisualStudioVersion = 10.0.40219.1
Project("{FAE04EC0-301F-11D3-BF4B-00C04F79EFBC}") = "Lab.Pavliy.1.1", "Lab.Pavliy.1.1\Lab.Pavliy.1.1.csproj", "{C20A2EBF-6C01-4643-94B5-B4854BAC0D86}"
EndProject
Global
	GlobalSection(SolutionConfigurationPlatforms) = preSolution
		Debug|Any CPU = Debug|Any CPU
		Release|Any CPU = Release|Any CPU
	EndGlobalSection
	GlobalSection(ProjectConfigurationPlatforms) = postSolution
		{C20A2EBF-6C01-4643-94B5-B4854BAC0D86}.Debug|Any CPU.ActiveCfg = Debug|Any CPU
		{C20A2EBF-6C01-4643-94B5-B4854BAC0D86}.Debug|Any CPU.Build.0 = Debug|Any CPU
		{C20A2EBF-6C01-4643-94B5-B4854BAC0D86}.Release|Any CPU.ActiveCfg = Release|Any CPU
		{C20A2EBF-6C01-4643-94B5-B4854BAC0D86}.Release|Any CPU.Build.0 = Release|Any CPU
	EndGlobalSection
	GlobalSection(SolutionProperties) = preSolution
		HideSolutionNode = FALSE
	EndGlobalSection
	GlobalSection(ExtensibilityGlobals) = postSolution
		SolutionGuid = {4BA28266-1F91-4893-9A80-4C7C3B2A1240}
	EndGlobalSection
EndGlobal
